{
  "name": "midi-visual",
  "version": "1.0.0",
  "lockfileVersion": 3,
  "requires": true,
  "packages": {
    "": {
      "name": "midi-visual",
      "version": "1.0.0",
      "license": "ISC",
      "dependencies": {
        "@ffmpeg/ffmpeg": "^0.12.10",
        "@ffmpeg/util": "^0.12.1",
        "ccapture.js": "^1.1.0",
        "ccapture.js-npmfixed": "^1.1.0",
        "midi-parser-js": "^4.0.4",
        "p5": "^1.10.0"
      }
    },
    "node_modules/@ffmpeg/ffmpeg": {
      "version": "0.12.10",
      "resolved": "https://registry.npmjs.org/@ffmpeg/ffmpeg/-/ffmpeg-0.12.10.tgz",
      "integrity": "sha512-lVtk8PW8e+NUzGZhPTWj2P1J4/NyuCrbDD3O9IGpSeLYtUZKBqZO8CNj1WYGghep/MXoM8e1qVY1GztTkf8YYQ==",
      "license": "MIT",
      "dependencies": {
        "@ffmpeg/types": "^0.12.2"
      },
      "engines": {
        "node": ">=18.x"
      }
    },
    "node_modules/@ffmpeg/types": {
      "version": "0.12.2",
      "resolved": "https://registry.npmjs.org/@ffmpeg/types/-/types-0.12.2.tgz",
      "integrity": "sha512-NJtxwPoLb60/z1Klv0ueshguWQ/7mNm106qdHkB4HL49LXszjhjCCiL+ldHJGQ9ai2Igx0s4F24ghigy//ERdA==",
      "license": "MIT",
      "engines": {
        "node": ">=16.x"
      }
    },
    "node_modules/@ffmpeg/util": {
      "version": "0.12.1",
      "resolved": "https://registry.npmjs.org/@ffmpeg/util/-/util-0.12.1.tgz",
      "integrity": "sha512-10jjfAKWaDyb8+nAkijcsi9wgz/y26LOc1NKJradNMyCIl6usQcBbhkjX5qhALrSBcOy6TOeksunTYa+a03qNQ==",
      "license": "MIT",
      "engines": {
        "node": ">=18.x"
      }
    },
    "node_modules/ccapture.js": {
      "version": "1.1.0",
      "resolved": "https://registry.npmjs.org/ccapture.js/-/ccapture.js-1.1.0.tgz",
      "integrity": "sha512-28kiHJzFsZ6b0OTfKpWpEwK2n/LTAgytK1uzB+413dzjHltdh2hP5Yg2qR0+9Xw3XoBMz5UkGCh8Ektr2rVlmw==",
      "license": "MIT"
    },
    "node_modules/ccapture.js-npmfixed": {
      "version": "1.1.0",
      "resolved": "https://registry.npmjs.org/ccapture.js-npmfixed/-/ccapture.js-npmfixed-1.1.0.tgz",
      "integrity": "sha512-FnqpVafJuGNr8/REAReD/wqEx+Mi+fHT3Y2sSJiJ43DIIYUpULz3Fsu8FiaRhF6vJa0f4dfQeBBoROIJ1IDtvQ==",
      "license": "MIT"
    },
    "node_modules/midi-parser-js": {
      "version": "4.0.4",
      "resolved": "https://registry.npmjs.org/midi-parser-js/-/midi-parser-js-4.0.4.tgz",
      "integrity": "sha512-yCCUNemjDET40SPslUbAyi7lClSS+ttcBAWNY337kJouRFsEtIql38Fp4p5xfODkltFvuqHJL9JytnZIrzpJbw==",
      "license": "GPL"
    },
    "node_modules/p5": {
      "version": "1.10.0",
      "resolved": "https://registry.npmjs.org/p5/-/p5-1.10.0.tgz",
      "integrity": "sha512-6cWYBFhnZz7jNC6p1VWvlt3QReMqrRSmO90bgECQIKB9oko2w/sKrOAVMyei5tjIzSYcSY0JHy+BRtSAWq24jQ==",
      "license": "LGPL-2.1"
    }
  }
}
